{
  "nodes": {
    "nixpkgs": {
      "locked": {
        "lastModified": 1767292242,
        "narHash": "sha256-ck3IWUQmY5DFNw/MLwuqNyTFy/H2z2Gina5eGFz8xQg=",
        "owner": "NixOS",
        "repo": "nixpkgs",
        "rev": "f5a8df5f8a99e4d58e8dbba04aafa296c759eae8",
        "type": "github"
      },
      "original": {
        "owner": "NixOS",
        "repo": "nixpkgs",
        "type": "github"
      }
    },
    "root": {
      "inputs": {
        "nixpkgs": "nixpkgs"
      }
    }
  },
  "root": "root",
  "version": 7
}
